// !$*UTF8*$!
{
	archiveVersion = 1;
	classes = {
	};
	objectVersion = 50;
	objects = {

/* Begin PBXBuildFile section */
		6ED5BA5C24B6462F0035E2F2 /* AppDelegate.swift in Sources */ = {isa = PBXBuildFile; fileRef = 6ED5BA5B24B6462F0035E2F2 /* AppDelegate.swift */; };
		6ED5BA5E24B6462F0035E2F2 /* SceneDelegate.swift in Sources */ = {isa = PBXBuildFile; fileRef = 6ED5BA5D24B6462F0035E2F2 /* SceneDelegate.swift */; };
		6ED5BA6324B6462F0035E2F2 /* Main.storyboard in Resources */ = {isa = PBXBuildFile; fileRef = 6ED5BA6124B6462F0035E2F2 /* Main.storyboard */; };
		6ED5BA6524B646310035E2F2 /* Assets.xcassets in Resources */ = {isa = PBXBuildFile; fileRef = 6ED5BA6424B646310035E2F2 /* Assets.xcassets */; };
		6ED5BA6824B646310035E2F2 /* LaunchScreen.storyboard in Resources */ = {isa = PBXBuildFile; fileRef = 6ED5BA6624B646310035E2F2 /* LaunchScreen.storyboard */; };
		6ED5BA7224B791430035E2F2 /* MoviesModel.swift in Sources */ = {isa = PBXBuildFile; fileRef = 6ED5BA7124B791430035E2F2 /* MoviesModel.swift */; };
		6ED5BA7424B79F870035E2F2 /* MovieMasterVC.swift in Sources */ = {isa = PBXBuildFile; fileRef = 6ED5BA7324B79F870035E2F2 /* MovieMasterVC.swift */; };
		6ED5BA7624B79FF10035E2F2 /* MovieDetailsVC.swift in Sources */ = {isa = PBXBuildFile; fileRef = 6ED5BA7524B79FF10035E2F2 /* MovieDetailsVC.swift */; };
		6ED5BA7924B7A0670035E2F2 /* CustomCell.swift in Sources */ = {isa = PBXBuildFile; fileRef = 6ED5BA7824B7A0670035E2F2 /* CustomCell.swift */; };
/* End PBXBuildFile section */

/* Begin PBXFileReference section */
		6ED5BA5824B6462F0035E2F2 /* hw-5-prt-2.app */ = {isa = PBXFileReference; explicitFileType = wrapper.application; includeInIndex = 0; path = "hw-5-prt-2.app"; sourceTree = BUILT_PRODUCTS_DIR; };
		6ED5BA5B24B6462F0035E2F2 /* AppDelegate.swift */ = {isa = PBXFileReference; lastKnownFileType = sourcecode.swift; path = AppDelegate.swift; sourceTree = "<group>"; };
		6ED5BA5D24B6462F0035E2F2 /* SceneDelegate.swift */ = {isa = PBXFileReference; lastKnownFileType = sourcecode.swift; path = SceneDelegate.swift; sourceTree = "<group>"; };
		6ED5BA6224B6462F0035E2F2 /* Base */ = {isa = PBXFileReference; lastKnownFileType = file.storyboard; name = Base; path = Base.lproj/Main.storyboard; sourceTree = "<group>"; };
		6ED5BA6424B646310035E2F2 /* Assets.xcassets */ = {isa = PBXFileReference; lastKnownFileType = folder.assetcatalog; path = Assets.xcassets; sourceTree = "<group>"; };
		6ED5BA6724B646310035E2F2 /* Base */ = {isa = PBXFileReference; lastKnownFileType = file.storyboard; name = Base; path = Base.lproj/LaunchScreen.storyboard; sourceTree = "<group>"; };
		6ED5BA6924B646310035E2F2 /* Info.plist */ = {isa = PBXFileReference; lastKnownFileType = text.plist.xml; path = Info.plist; sourceTree = "<group>"; };
		6ED5BA7124B791430035E2F2 /* MoviesModel.swift */ = {isa = PBXFileReference; lastKnownFileType = sourcecode.swift; path = MoviesModel.swift; sourceTree = "<group>"; };
		6ED5BA7324B79F870035E2F2 /* MovieMasterVC.swift */ = {isa = PBXFileReference; lastKnownFileType = sourcecode.swift; path = MovieMasterVC.swift; sourceTree = "<group>"; };
		6ED5BA7524B79FF10035E2F2 /* MovieDetailsVC.swift */ = {isa = PBXFileReference; lastKnownFileType = sourcecode.swift; path = MovieDetailsVC.swift; sourceTree = "<group>"; };
		6ED5BA7824B7A0670035E2F2 /* CustomCell.swift */ = {isa = PBXFileReference; lastKnownFileType = sourcecode.swift; name = CustomCell.swift; path = Storyboards/CustomCell.swift; sourceTree = "<group>"; };
/* End PBXFileReference section */

/* Begin PBXFrameworksBuildPhase section */
		6ED5BA5524B6462F0035E2F2 /* Frameworks */ = {
			isa = PBXFrameworksBuildPhase;
			buildActionMask = 2147483647;
			files = (
			);
			runOnlyForDeploymentPostprocessing = 0;
		};
/* End PBXFrameworksBuildPhase section */

/* Begin PBXGroup section */
		6ED5BA4F24B6462F0035E2F2 = {
			isa = PBXGroup;
			children = (
				6ED5BA5A24B6462F0035E2F2 /* hw-5-prt-2 */,
				6ED5BA5924B6462F0035E2F2 /* Products */,
			);
			sourceTree = "<group>";
		};
		6ED5BA5924B6462F0035E2F2 /* Products */ = {
			isa = PBXGroup;
			children = (
				6ED5BA5824B6462F0035E2F2 /* hw-5-prt-2.app */,
			);
			name = Products;
			sourceTree = "<group>";
		};
		6ED5BA5A24B6462F0035E2F2 /* hw-5-prt-2 */ = {
			isa = PBXGroup;
			children = (
				6ED5BA7724B7A0010035E2F2 /* Models */,
				6ED5BA5B24B6462F0035E2F2 /* AppDelegate.swift */,
				6ED5BA5D24B6462F0035E2F2 /* SceneDelegate.swift */,
				6ED5BA6F24B790B30035E2F2 /* ViewControllers */,
				6ED5BA6424B646310035E2F2 /* Assets.xcassets */,
				6ED5BA6924B646310035E2F2 /* Info.plist */,
			);
			path = "hw-5-prt-2";
			sourceTree = "<group>";
		};
		6ED5BA6F24B790B30035E2F2 /* ViewControllers */ = {
			isa = PBXGroup;
			children = (
				6ED5BA7824B7A0670035E2F2 /* CustomCell.swift */,
				6ED5BA7524B79FF10035E2F2 /* MovieDetailsVC.swift */,
				6ED5BA7324B79F870035E2F2 /* MovieMasterVC.swift */,
				6ED5BA7024B790DF0035E2F2 /* Storyboards */,
			);
			path = ViewControllers;
			sourceTree = "<group>";
		};
		6ED5BA7024B790DF0035E2F2 /* Storyboards */ = {
			isa = PBXGroup;
			children = (
				6ED5BA6124B6462F0035E2F2 /* Main.storyboard */,
				6ED5BA6624B646310035E2F2 /* LaunchScreen.storyboard */,
			);
			path = Storyboards;
			sourceTree = "<group>";
		};
		6ED5BA7724B7A0010035E2F2 /* Models */ = {
			isa = PBXGroup;
			children = (
				6ED5BA7124B791430035E2F2 /* MoviesModel.swift */,
			);
			path = Models;
			sourceTree = "<group>";
		};
/* End PBXGroup section */

/* Begin PBXNativeTarget section */
		6ED5BA5724B6462F0035E2F2 /* hw-5-prt-2 */ = {
			isa = PBXNativeTarget;
			buildConfigurationList = 6ED5BA6C24B646310035E2F2 /* Build configuration list for PBXNativeTarget "hw-5-prt-2" */;
			buildPhases = (
				6ED5BA5424B6462F0035E2F2 /* Sources */,
				6ED5BA5524B6462F0035E2F2 /* Frameworks */,
				6ED5BA5624B6462F0035E2F2 /* Resources */,
			);
			buildRules = (
			);
			dependencies = (
			);
			name = "hw-5-prt-2";
			productName = "hw-5-prt-2";
			productReference = 6ED5BA5824B6462F0035E2F2 /* hw-5-prt-2.app */;
			productType = "com.apple.product-type.application";
		};
/* End PBXNativeTarget section */

/* Begin PBXProject section */
		6ED5BA5024B6462F0035E2F2 /* Project object */ = {
			isa = PBXProject;
			attributes = {
				LastSwiftUpdateCheck = 1150;
				LastUpgradeCheck = 1150;
				ORGANIZATIONNAME = JenanAlshammeri;
				TargetAttributes = {
					6ED5BA5724B6462F0035E2F2 = {
						CreatedOnToolsVersion = 11.5;
					};
				};
			};
			buildConfigurationList = 6ED5BA5324B6462F0035E2F2 /* Build configuration list for PBXProject "hw-5-prt-2" */;
			compatibilityVersion = "Xcode 9.3";
			developmentRegion = en;
			hasScannedForEncodings = 0;
			knownRegions = (
				en,
				Base,
			);
			mainGroup = 6ED5BA4F24B6462F0035E2F2;
			productRefGroup = 6ED5BA5924B6462F0035E2F2 /* Products */;
			projectDirPath = "";
			projectRoot = "";
			targets = (
				6ED5BA5724B6462F0035E2F2 /* hw-5-prt-2 */,
			);
		};
/* End PBXProject section */

/* Begin PBXResourcesBuildPhase section */
		6ED5BA5624B6462F0035E2F2 /* Resources */ = {
			isa = PBXResourcesBuildPhase;
			buildActionMask = 2147483647;
			files = (
				6ED5BA6824B646310035E2F2 /* LaunchScreen.storyboard in Resources */,
				6ED5BA6524B646310035E2F2 /* Assets.xcassets in Resources */,
				6ED5BA6324B6462F0035E2F2 /* Main.storyboard in Resources */,
			);
			runOnlyForDeploymentPostprocessing = 0;
		};
/* End PBXResourcesBuildPhase section */

/* Begin PBXSourcesBuildPhase section */
		6ED5BA5424B6462F0035E2F2 /* Sources */ = {
			isa = PBXSourcesBuildPhase;
			buildActionMask = 2147483647;
			files = (
				6ED5BA7424B79F870035E2F2 /* MovieMasterVC.swift in Sources */,
				6ED5BA5C24B6462F0035E2F2 /* AppDelegate.swift in Sources */,
				6ED5BA5E24B6462F0035E2F2 /* SceneDelegate.swift in Sources */,
				6ED5BA7224B791430035E2F2 /* MoviesModel.swift in Sources */,
				6ED5BA7924B7A0670035E2F2 /* CustomCell.swift in Sources */,
				6ED5BA7624B79FF10035E2F2 /* MovieDetailsVC.swift in Sources */,
			);
			runOnlyForDeploymentPostprocessing = 0;
		};
/* End PBXSourcesBuildPhase section */

/* Begin PBXVariantGroup section */
		6ED5BA6124B6462F0035E2F2 /* Main.storyboard */ = {
			isa = PBXVariantGroup;
			children = (
				6ED5BA6224B6462F0035E2F2 /* Base */,
			);
			name = Main.storyboard;
			sourceTree = "<group>";
		};
		6ED5BA6624B646310035E2F2 /* LaunchScreen.storyboard */ = {
			isa = PBXVariantGroup;
			children = (
				6ED5BA6724B646310035E2F2 /* Base */,
			);
			name = LaunchScreen.storyboard;
			sourceTree = "<group>";
		};
/* End PBXVariantGroup section */

/* Begin XCBuildConfiguration section */
		6ED5BA6A24B646310035E2F2 /* Debug */ = {
			isa = XCBuildConfiguration;
			buildSettings = {
				ALWAYS_SEARCH_USER_PATHS = NO;
				CLANG_ANALYZER_NONNULL = YES;
				CLANG_ANALYZER_NUMBER_OBJECT_CONVERSION = YES_AGGRESSIVE;
				CLANG_CXX_LANGUAGE_STANDARD = "gnu++14";
				CLANG_CXX_LIBRARY = "libc++";
				CLANG_ENABLE_MODULES = YES;
				CLANG_ENABLE_OBJC_ARC = YES;
				CLANG_ENABLE_OBJC_WEAK = YES;
				CLANG_WARN_BLOCK_CAPTURE_AUTORELEASING = YES;
				CLANG_WARN_BOOL_CONVERSION = YES;
				CLANG_WARN_COMMA = YES;
				CLANG_WARN_CONSTANT_CONVERSION = YES;
				CLANG_WARN_DEPRECATED_OBJC_IMPLEMENTATIONS = YES;
				CLANG_WARN_DIRECT_OBJC_ISA_USAGE = YES_ERROR;
				CLANG_WARN_DOCUMENTATION_COMMENTS = YES;
				CLANG_WARN_EMPTY_BODY = YES;
				CLANG_WARN_ENUM_CONVERSION = YES;
				CLANG_WARN_INFINITE_RECURSION = YES;
				CLANG_WARN_INT_CONVERSION = YES;
				CLANG_WARN_NON_LITERAL_NULL_CONVERSION = YES;
				CLANG_WARN_OBJC_IMPLICIT_RETAIN_SELF = YES;
				CLANG_WARN_OBJC_LITERAL_CONVERSION = YES;
				CLANG_WARN_OBJC_ROOT_CLASS = YES_ERROR;
				CLANG_WARN_RANGE_LOOP_ANALYSIS = YES;
				CLANG_WARN_STRICT_PROTOTYPES = YES;
				CLANG_WARN_SUSPICIOUS_MOVE = YES;
				CLANG_WARN_UNGUARDED_AVAILABILITY = YES_AGGRESSIVE;
				CLANG_WARN_UNREACHABLE_CODE = YES;
				CLANG_WARN__DUPLICATE_METHOD_MATCH = YES;
				COPY_PHASE_STRIP = NO;
				DEBUG_INFORMATION_FORMAT = dwarf;
				ENABLE_STRICT_OBJC_MSGSEND = YES;
				ENABLE_TESTABILITY = YES;
				GCC_C_LANGUAGE_STANDARD = gnu11;
				GCC_DYNAMIC_NO_PIC = NO;
				GCC_NO_COMMON_BLOCKS = YES;
				GCC_OPTIMIZATION_LEVEL = 0;
				GCC_PREPROCESSOR_DEFINITIONS = (
					"DEBUG=1",
					"$(inherited)",
				);
				GCC_WARN_64_TO_32_BIT_CONVERSION = YES;
				GCC_WARN_ABOUT_RETURN_TYPE = YES_ERROR;
				GCC_WARN_UNDECLARED_SELECTOR = YES;
				GCC_WARN_UNINITIALIZED_AUTOS = YES_AGGRESSIVE;
				GCC_WARN_UNUSED_FUNCTION = YES;
				GCC_WARN_UNUSED_VARIABLE = YES;
				IPHONEOS_DEPLOYMENT_TARGET = 13.5;
				MTL_ENABLE_DEBUG_INFO = INCLUDE_SOURCE;
				MTL_FAST_MATH = YES;
				ONLY_ACTIVE_ARCH = YES;
				SDKROOT = iphoneos;
				SWIFT_ACTIVE_COMPILATION_CONDITIONS = DEBUG;
				SWIFT_OPTIMIZATION_LEVEL = "-Onone";
			};
			name = Debug;
		};
		6ED5BA6B24B646310035E2F2 /* Release */ = {
			isa = XCBuildConfiguration;
			buildSettings = {
				ALWAYS_SEARCH_USER_PATHS = NO;
				CLANG_ANALYZER_NONNULL = YES;
				CLANG_ANALYZER_NUMBER_OBJECT_CONVERSION = YES_AGGRESSIVE;
				CLANG_CXX_LANGUAGE_STANDARD = "gnu++14";
				CLANG_CXX_LIBRARY = "libc++";
				CLANG_ENABLE_MODULES = YES;
				CLANG_ENABLE_OBJC_ARC = YES;
				CLANG_ENABLE_OBJC_WEAK = YES;
				CLANG_WARN_BLOCK_CAPTURE_AUTORELEASING = YES;
				CLANG_WARN_BOOL_CONVERSION = YES;
				CLANG_WARN_COMMA = YES;
				CLANG_WARN_CONSTANT_CONVERSION = YES;
				CLANG_WARN_DEPRECATED_OBJC_IMPLEMENTATIONS = YES;
				CLANG_WARN_DIRECT_OBJC_ISA_USAGE = YES_ERROR;
				CLANG_WARN_DOCUMENTATION_COMMENTS = YES;
				CLANG_WARN_EMPTY_BODY = YES;
				CLANG_WARN_ENUM_CONVERSION = YES;
				CLANG_WARN_INFINITE_RECURSION = YES;
				CLANG_WARN_INT_CONVERSION = YES;
				CLANG_WARN_NON_LITERAL_NULL_CONVERSION = YES;
				CLANG_WARN_OBJC_IMPLICIT_RETAIN_SELF = YES;
				CLANG_WARN_OBJC_LITERAL_CONVERSION = YES;
				CLANG_WARN_OBJC_ROOT_CLASS = YES_ERROR;
				CLANG_WARN_RANGE_LOOP_ANALYSIS = YES;
				CLANG_WARN_STRICT_PROTOTYPES = YES;
				CLANG_WARN_SUSPICIOUS_MOVE = YES;
				CLANG_WARN_UNGUARDED_AVAILABILITY = YES_AGGRESSIVE;
				CLANG_WARN_UNREACHABLE_CODE = YES;
				CLANG_WARN__DUPLICATE_METHOD_MATCH = YES;
				COPY_PHASE_STRIP = NO;
				DEBUG_INFORMATION_FORMAT = "dwarf-with-dsym";
				ENABLE_NS_ASSERTIONS = NO;
				ENABLE_STRICT_OBJC_MSGSEND = YES;
				GCC_C_LANGUAGE_STANDARD = gnu11;
				GCC_NO_COMMON_BLOCKS = YES;
				GCC_WARN_64_TO_32_BIT_CONVERSION = YES;
				GCC_WARN_ABOUT_RETURN_TYPE = YES_ERROR;
				GCC_WARN_UNDECLARED_SELECTOR = YES;
				GCC_WARN_UNINITIALIZED_AUTOS = YES_AGGRESSIVE;
				GCC_WARN_UNUSED_FUNCTION = YES;
				GCC_WARN_UNUSED_VARIABLE = YES;
				IPHONEOS_DEPLOYMENT_TARGET = 13.5;
				MTL_ENABLE_DEBUG_INFO = NO;
				MTL_FAST_MATH = YES;
				SDKROOT = iphoneos;
				SWIFT_COMPILATION_MODE = wholemodule;
				SWIFT_OPTIMIZATION_LEVEL = "-O";
				VALIDATE_PRODUCT = YES;
			};
			name = Release;
		};
		6ED5BA6D24B646310035E2F2 /* Debug */ = {
			isa = XCBuildConfiguration;
			buildSettings = {
				ASSETCATALOG_COMPILER_APPICON_NAME = AppIcon;
				CODE_SIGN_STYLE = Automatic;
				DEVELOPMENT_TEAM = 5JWG4MLK99;
				INFOPLIST_FILE = "hw-5-prt-2/Info.plist";
				LD_RUNPATH_SEARCH_PATHS = (
					"$(inherited)",
					"@executable_path/Frameworks",
				);
				PRODUCT_BUNDLE_IDENTIFIER = "JENANALSHAMMERI.hw-5-prt-2";
				PRODUCT_NAME = "$(TARGET_NAME)";
				SWIFT_VERSION = 5.0;
				TARGETED_DEVICE_FAMILY = 1;
			};
			name = Debug;
		};
		6ED5BA6E24B646310035E2F2 /* Release */ = {
			isa = XCBuildConfiguration;
			buildSettings = {
				ASSETCATALOG_COMPILER_APPICON_NAME = AppIcon;
				CODE_SIGN_STYLE = Automatic;
				DEVELOPMENT_TEAM = 5JWG4MLK99;
				INFOPLIST_FILE = "hw-5-prt-2/Info.plist";
				LD_RUNPATH_SEARCH_PATHS = (
					"$(inherited)",
					"@executable_path/Frameworks",
				);
				PRODUCT_BUNDLE_IDENTIFIER = "JENANALSHAMMERI.hw-5-prt-2";
				PRODUCT_NAME = "$(TARGET_NAME)";
				SWIFT_VERSION = 5.0;
				TARGETED_DEVICE_FAMILY = 1;
			};
			name = Release;
		};
/* End XCBuildConfiguration section */

/* Begin XCConfigurationList section */
		6ED5BA5324B6462F0035E2F2 /* Build configuration list for PBXProject "hw-5-prt-2" */ = {
			isa = XCConfigurationList;
			buildConfigurations = (
				6ED5BA6A24B646310035E2F2 /* Debug */,
				6ED5BA6B24B646310035E2F2 /* Release */,
			);
			defaultConfigurationIsVisible = 0;
			defaultConfigurationName = Release;
		};
		6ED5BA6C24B646310035E2F2 /* Build configuration list for PBXNativeTarget "hw-5-prt-2" */ = {
			isa = XCConfigurationList;
			buildConfigurations = (
				6ED5BA6D24B646310035E2F2 /* Debug */,
				6ED5BA6E24B646310035E2F2 /* Release */,
			);
			defaultConfigurationIsVisible = 0;
			defaultConfigurationName = Release;
		};
/* End XCConfigurationList section */
	};
	rootObject = 6ED5BA5024B6462F0035E2F2 /* Project object */;
}
